
Microsoft Visual Studio Solution File, Format Version 12.00
# Visual Studio Version 17
VisualStudioVersion = 17.7.34009.444
MinimumVisualStudioVersion = 10.0.40219.1
Project("{9A19103F-16F7-4668-BE54-9A1E7A4F7556}") = "Calculator_ConsoleApp", "Calculator_ConsoleApp\Calculator_ConsoleApp.csproj", "{D25AB557-24F1-4544-9C25-F4D307C2C873}"
EndProject
Project("{9A19103F-16F7-4668-BE54-9A1E7A4F7556}") = "Lab1_task3", "Lab1_task3\Lab1_task3.csproj", "{5B7A60C4-6735-4CD4-AA85-C783C69CE336}"
EndProject
Project("{9A19103F-16F7-4668-BE54-9A1E7A4F7556}") = "Lab3_task4", "Lab3_task4\Lab3_task4.csproj", "{88161837-D152-42BB-979E-6BD80950E96C}"
EndProject
Project("{9A19103F-16F7-4668-BE54-9A1E7A4F7556}") = "Lab3_task5", "Lab3_task5\Lab3_task5.csproj", "{ABDAFF27-24FB-4799-97E3-80104F1246C8}"
EndProject
Project("{9A19103F-16F7-4668-BE54-9A1E7A4F7556}") = "Lab02_task1", "Lab02_task1\Lab02_task1.csproj", "{2C6A528E-46F5-4DEF-975B-29F5F77F9D3E}"
EndProject
Project("{9A19103F-16F7-4668-BE54-9A1E7A4F7556}") = "Lab02_task2", "Lab02_task2\Lab02_task2.csproj", "{9B88F44E-AEBD-410C-AEAC-9468DDD3F4F1}"
EndProject
Project("{9A19103F-16F7-4668-BE54-9A1E7A4F7556}") = "DataProgram", "DataProgram\DataProgram.csproj", "{6D76A324-046B-449E-9559-AD711489DD5B}"
EndProject
Project("{9A19103F-16F7-4668-BE54-9A1E7A4F7556}") = "Lab3_task1", "Lab3_task1\Lab3_task1.csproj", "{428B390A-0D2F-4A53-A6A9-3096B65B270D}"
EndProject
Project("{FAE04EC0-301F-11D3-BF4B-00C04F79EFBC}") = "Lab3_task1One", "Lab3_task1One\Lab3_task1One.csproj", "{47BE2CDB-7F1F-4723-AE70-C18D07569694}"
EndProject
Project("{FAE04EC0-301F-11D3-BF4B-00C04F79EFBC}") = "Lab4", "Lab4\Lab4.csproj", "{23C3F3A3-D4BA-4B40-BE10-869DCBDC64AE}"
EndProject
Project("{FAE04EC0-301F-11D3-BF4B-00C04F79EFBC}") = "AbstractClasses_Lab4", "AbstractClasses_Lab4\AbstractClasses_Lab4.csproj", "{9069DD0C-5E9E-422B-AF0F-88126E8D9250}"
EndProject
Project("{FAE04EC0-301F-11D3-BF4B-00C04F79EFBC}") = "Interfejsy", "Interfejsy\Interfejsy.csproj", "{334D2106-470B-4317-81D0-76C9B79D8BD1}"
EndProject
Project("{FAE04EC0-301F-11D3-BF4B-00C04F79EFBC}") = "Shape_lab4", "Shape_lab4\Shape_lab4.csproj", "{F9966DA4-52DA-42B8-AC6D-FD93B550AC07}"
EndProject
Project("{FAE04EC0-301F-11D3-BF4B-00C04F79EFBC}") = "Lab4_task2_cs", "Lab4_task2_cs\Lab4_task2_cs.csproj", "{453459AD-2506-41E5-BEDC-B291823FFE34}"
EndProject
Project("{FAE04EC0-301F-11D3-BF4B-00C04F79EFBC}") = "Lab4_task3_3", "Lab4_task3_3\Lab4_task3_3.csproj", "{E22D2C8B-442D-4FEE-B2E0-50B510083E52}"
EndProject
Global
	GlobalSection(SolutionConfigurationPlatforms) = preSolution
		Debug|Any CPU = Debug|Any CPU
		Release|Any CPU = Release|Any CPU
	EndGlobalSection
	GlobalSection(ProjectConfigurationPlatforms) = postSolution
		{D25AB557-24F1-4544-9C25-F4D307C2C873}.Debug|Any CPU.ActiveCfg = Debug|Any CPU
		{D25AB557-24F1-4544-9C25-F4D307C2C873}.Debug|Any CPU.Build.0 = Debug|Any CPU
		{D25AB557-24F1-4544-9C25-F4D307C2C873}.Release|Any CPU.ActiveCfg = Release|Any CPU
		{D25AB557-24F1-4544-9C25-F4D307C2C873}.Release|Any CPU.Build.0 = Release|Any CPU
		{5B7A60C4-6735-4CD4-AA85-C783C69CE336}.Debug|Any CPU.ActiveCfg = Debug|Any CPU
		{5B7A60C4-6735-4CD4-AA85-C783C69CE336}.Debug|Any CPU.Build.0 = Debug|Any CPU
		{5B7A60C4-6735-4CD4-AA85-C783C69CE336}.Release|Any CPU.ActiveCfg = Release|Any CPU
		{5B7A60C4-6735-4CD4-AA85-C783C69CE336}.Release|Any CPU.Build.0 = Release|Any CPU
		{88161837-D152-42BB-979E-6BD80950E96C}.Debug|Any CPU.ActiveCfg = Debug|Any CPU
		{88161837-D152-42BB-979E-6BD80950E96C}.Debug|Any CPU.Build.0 = Debug|Any CPU
		{88161837-D152-42BB-979E-6BD80950E96C}.Release|Any CPU.ActiveCfg = Release|Any CPU
		{88161837-D152-42BB-979E-6BD80950E96C}.Release|Any CPU.Build.0 = Release|Any CPU
		{ABDAFF27-24FB-4799-97E3-80104F1246C8}.Debug|Any CPU.ActiveCfg = Debug|Any CPU
		{ABDAFF27-24FB-4799-97E3-80104F1246C8}.Debug|Any CPU.Build.0 = Debug|Any CPU
		{ABDAFF27-24FB-4799-97E3-80104F1246C8}.Release|Any CPU.ActiveCfg = Release|Any CPU
		{ABDAFF27-24FB-4799-97E3-80104F1246C8}.Release|Any CPU.Build.0 = Release|Any CPU
		{2C6A528E-46F5-4DEF-975B-29F5F77F9D3E}.Debug|Any CPU.ActiveCfg = Debug|Any CPU
		{2C6A528E-46F5-4DEF-975B-29F5F77F9D3E}.Debug|Any CPU.Build.0 = Debug|Any CPU
		{2C6A528E-46F5-4DEF-975B-29F5F77F9D3E}.Release|Any CPU.ActiveCfg = Release|Any CPU
		{2C6A528E-46F5-4DEF-975B-29F5F77F9D3E}.Release|Any CPU.Build.0 = Release|Any CPU
		{9B88F44E-AEBD-410C-AEAC-9468DDD3F4F1}.Debug|Any CPU.ActiveCfg = Debug|Any CPU
		{9B88F44E-AEBD-410C-AEAC-9468DDD3F4F1}.Debug|Any CPU.Build.0 = Debug|Any CPU
		{9B88F44E-AEBD-410C-AEAC-9468DDD3F4F1}.Release|Any CPU.ActiveCfg = Release|Any CPU
		{9B88F44E-AEBD-410C-AEAC-9468DDD3F4F1}.Release|Any CPU.Build.0 = Release|Any CPU
		{6D76A324-046B-449E-9559-AD711489DD5B}.Debug|Any CPU.ActiveCfg = Debug|Any CPU
		{6D76A324-046B-449E-9559-AD711489DD5B}.Debug|Any CPU.Build.0 = Debug|Any CPU
		{6D76A324-046B-449E-9559-AD711489DD5B}.Release|Any CPU.ActiveCfg = Release|Any CPU
		{6D76A324-046B-449E-9559-AD711489DD5B}.Release|Any CPU.Build.0 = Release|Any CPU
		{428B390A-0D2F-4A53-A6A9-3096B65B270D}.Debug|Any CPU.ActiveCfg = Debug|Any CPU
		{428B390A-0D2F-4A53-A6A9-3096B65B270D}.Debug|Any CPU.Build.0 = Debug|Any CPU
		{428B390A-0D2F-4A53-A6A9-3096B65B270D}.Release|Any CPU.ActiveCfg = Release|Any CPU
		{428B390A-0D2F-4A53-A6A9-3096B65B270D}.Release|Any CPU.Build.0 = Release|Any CPU
		{47BE2CDB-7F1F-4723-AE70-C18D07569694}.Debug|Any CPU.ActiveCfg = Debug|Any CPU
		{47BE2CDB-7F1F-4723-AE70-C18D07569694}.Debug|Any CPU.Build.0 = Debug|Any CPU
		{47BE2CDB-7F1F-4723-AE70-C18D07569694}.Release|Any CPU.ActiveCfg = Release|Any CPU
		{47BE2CDB-7F1F-4723-AE70-C18D07569694}.Release|Any CPU.Build.0 = Release|Any CPU
		{23C3F3A3-D4BA-4B40-BE10-869DCBDC64AE}.Debug|Any CPU.ActiveCfg = Debug|Any CPU
		{23C3F3A3-D4BA-4B40-BE10-869DCBDC64AE}.Debug|Any CPU.Build.0 = Debug|Any CPU
		{23C3F3A3-D4BA-4B40-BE10-869DCBDC64AE}.Release|Any CPU.ActiveCfg = Release|Any CPU
		{23C3F3A3-D4BA-4B40-BE10-869DCBDC64AE}.Release|Any CPU.Build.0 = Release|Any CPU
		{9069DD0C-5E9E-422B-AF0F-88126E8D9250}.Debug|Any CPU.ActiveCfg = Debug|Any CPU
		{9069DD0C-5E9E-422B-AF0F-88126E8D9250}.Debug|Any CPU.Build.0 = Debug|Any CPU
		{9069DD0C-5E9E-422B-AF0F-88126E8D9250}.Release|Any CPU.ActiveCfg = Release|Any CPU
		{9069DD0C-5E9E-422B-AF0F-88126E8D9250}.Release|Any CPU.Build.0 = Release|Any CPU
		{334D2106-470B-4317-81D0-76C9B79D8BD1}.Debug|Any CPU.ActiveCfg = Debug|Any CPU
		{334D2106-470B-4317-81D0-76C9B79D8BD1}.Debug|Any CPU.Build.0 = Debug|Any CPU
		{334D2106-470B-4317-81D0-76C9B79D8BD1}.Release|Any CPU.ActiveCfg = Release|Any CPU
		{334D2106-470B-4317-81D0-76C9B79D8BD1}.Release|Any CPU.Build.0 = Release|Any CPU
		{F9966DA4-52DA-42B8-AC6D-FD93B550AC07}.Debug|Any CPU.ActiveCfg = Debug|Any CPU
		{F9966DA4-52DA-42B8-AC6D-FD93B550AC07}.Debug|Any CPU.Build.0 = Debug|Any CPU
		{F9966DA4-52DA-42B8-AC6D-FD93B550AC07}.Release|Any CPU.ActiveCfg = Release|Any CPU
		{F9966DA4-52DA-42B8-AC6D-FD93B550AC07}.Release|Any CPU.Build.0 = Release|Any CPU
		{453459AD-2506-41E5-BEDC-B291823FFE34}.Debug|Any CPU.ActiveCfg = Debug|Any CPU
		{453459AD-2506-41E5-BEDC-B291823FFE34}.Debug|Any CPU.Build.0 = Debug|Any CPU
		{453459AD-2506-41E5-BEDC-B291823FFE34}.Release|Any CPU.ActiveCfg = Release|Any CPU
		{453459AD-2506-41E5-BEDC-B291823FFE34}.Release|Any CPU.Build.0 = Release|Any CPU
		{E22D2C8B-442D-4FEE-B2E0-50B510083E52}.Debug|Any CPU.ActiveCfg = Debug|Any CPU
		{E22D2C8B-442D-4FEE-B2E0-50B510083E52}.Debug|Any CPU.Build.0 = Debug|Any CPU
		{E22D2C8B-442D-4FEE-B2E0-50B510083E52}.Release|Any CPU.ActiveCfg = Release|Any CPU
		{E22D2C8B-442D-4FEE-B2E0-50B510083E52}.Release|Any CPU.Build.0 = Release|Any CPU
	EndGlobalSection
	GlobalSection(SolutionProperties) = preSolution
		HideSolutionNode = FALSE
	EndGlobalSection
	GlobalSection(ExtensibilityGlobals) = postSolution
		SolutionGuid = {FF2F3F95-4A84-46B8-B113-EE903CD53236}
	EndGlobalSection
EndGlobal
